
Microsoft Visual Studio Solution File, Format Version 12.00
# Visual Studio Version 17
VisualStudioVersion = 17.7.34031.279
MinimumVisualStudioVersion = 10.0.40219.1
Project("{FAE04EC0-301F-11D3-BF4B-00C04F79EFBC}") = "SharpLaba2", "SharpLaba2\SharpLaba2.csproj", "{5F5AA8D0-499D-4E38-A565-12295090CDFC}"
EndProject
Global
	GlobalSection(SolutionConfigurationPlatforms) = preSolution
		Debug|Any CPU = Debug|Any CPU
		Release|Any CPU = Release|Any CPU
	EndGlobalSection
	GlobalSection(ProjectConfigurationPlatforms) = postSolution
		{5F5AA8D0-499D-4E38-A565-12295090CDFC}.Debug|Any CPU.ActiveCfg = Debug|Any CPU
		{5F5AA8D0-499D-4E38-A565-12295090CDFC}.Debug|Any CPU.Build.0 = Debug|Any CPU
		{5F5AA8D0-499D-4E38-A565-12295090CDFC}.Release|Any CPU.ActiveCfg = Release|Any CPU
		{5F5AA8D0-499D-4E38-A565-12295090CDFC}.Release|Any CPU.Build.0 = Release|Any CPU
	EndGlobalSection
	GlobalSection(SolutionProperties) = preSolution
		HideSolutionNode = FALSE
	EndGlobalSection
	GlobalSection(ExtensibilityGlobals) = postSolution
		SolutionGuid = {04F82150-369D-4D49-8997-D8A9EADAFC70}
	EndGlobalSection
EndGlobal
